
Microsoft Visual Studio Solution File, Format Version 12.00
# Visual Studio 15
VisualStudioVersion = 15.0.28010.2050
MinimumVisualStudioVersion = 10.0.40219.1
Project("{9A19103F-16F7-4668-BE54-9A1E7A4F7556}") = "CompaniesManagement", "CompaniesManagement\CompaniesManagement.csproj", "{28343328-E030-4436-866B-4B6404BF1380}"
EndProject
Project("{9A19103F-16F7-4668-BE54-9A1E7A4F7556}") = "CompaniesManagementMVC", "CompaniesManagementMVC\CompaniesManagementMVC.csproj", "{41683413-A981-4227-8A45-4DF35DC5BF8C}"
EndProject
Global
	GlobalSection(SolutionConfigurationPlatforms) = preSolution
		Debug|Any CPU = Debug|Any CPU
		Release|Any CPU = Release|Any CPU
	EndGlobalSection
	GlobalSection(ProjectConfigurationPlatforms) = postSolution
		{28343328-E030-4436-866B-4B6404BF1380}.Debug|Any CPU.ActiveCfg = Debug|Any CPU
		{28343328-E030-4436-866B-4B6404BF1380}.Debug|Any CPU.Build.0 = Debug|Any CPU
		{28343328-E030-4436-866B-4B6404BF1380}.Release|Any CPU.ActiveCfg = Debug|Any CPU
		{28343328-E030-4436-866B-4B6404BF1380}.Release|Any CPU.Build.0 = Debug|Any CPU
		{41683413-A981-4227-8A45-4DF35DC5BF8C}.Debug|Any CPU.ActiveCfg = Debug|Any CPU
		{41683413-A981-4227-8A45-4DF35DC5BF8C}.Debug|Any CPU.Build.0 = Debug|Any CPU
		{41683413-A981-4227-8A45-4DF35DC5BF8C}.Release|Any CPU.ActiveCfg = Debug|Any CPU
		{41683413-A981-4227-8A45-4DF35DC5BF8C}.Release|Any CPU.Build.0 = Debug|Any CPU
	EndGlobalSection
	GlobalSection(SolutionProperties) = preSolution
		HideSolutionNode = FALSE
	EndGlobalSection
	GlobalSection(ExtensibilityGlobals) = postSolution
		SolutionGuid = {A2199973-47D7-4241-B10B-2A60509EFE97}
	EndGlobalSection
EndGlobal
